{
  "name": "cesium_demo",
  "version": "1.0.0",
  "lockfileVersion": 2,
  "requires": true,
  "packages": {
    "": {
      "name": "cesium_demo",
      "version": "1.0.0",
      "license": "ISC",
      "dependencies": {
        "cesiumjs": "^1.10.0"
      }
    },
    "node_modules/cesiumjs": {
      "version": "1.10.0",
      "resolved": "https://registry.npmjs.org/cesiumjs/-/cesiumjs-1.10.0.tgz",
      "integrity": "sha512-uFuMrhJ8kWRbKr3DjAJTHSyC1LOSJbHv1ktJU4zXKlhDlX59uy4fx/HGQspKEvPsSZ3jGO3oR95MWYN75GBmeQ==",
      "deprecated": "Moved to https://npmjs.com/package/cesium"
    }
  },
  "dependencies": {
    "cesiumjs": {
      "version": "1.10.0",
      "resolved": "https://registry.npmjs.org/cesiumjs/-/cesiumjs-1.10.0.tgz",
      "integrity": "sha512-uFuMrhJ8kWRbKr3DjAJTHSyC1LOSJbHv1ktJU4zXKlhDlX59uy4fx/HGQspKEvPsSZ3jGO3oR95MWYN75GBmeQ=="
    }
  }
}
